
Microsoft Visual Studio Solution File, Format Version 12.00
# Visual Studio Version 17
VisualStudioVersion = 17.8.34316.72
MinimumVisualStudioVersion = 10.0.40219.1
Project("{FAE04EC0-301F-11D3-BF4B-00C04F79EFBC}") = "brunoplanilla", "brunoplanilla.csproj", "{198363CB-04A6-4567-9CE1-62F15F9A5EED}"
EndProject
Global
	GlobalSection(SolutionConfigurationPlatforms) = preSolution
		Debug|Any CPU = Debug|Any CPU
		Release|Any CPU = Release|Any CPU
	EndGlobalSection
	GlobalSection(ProjectConfigurationPlatforms) = postSolution
		{198363CB-04A6-4567-9CE1-62F15F9A5EED}.Debug|Any CPU.ActiveCfg = Debug|Any CPU
		{198363CB-04A6-4567-9CE1-62F15F9A5EED}.Debug|Any CPU.Build.0 = Debug|Any CPU
		{198363CB-04A6-4567-9CE1-62F15F9A5EED}.Release|Any CPU.ActiveCfg = Release|Any CPU
		{198363CB-04A6-4567-9CE1-62F15F9A5EED}.Release|Any CPU.Build.0 = Release|Any CPU
	EndGlobalSection
	GlobalSection(SolutionProperties) = preSolution
		HideSolutionNode = FALSE
	EndGlobalSection
	GlobalSection(ExtensibilityGlobals) = postSolution
		SolutionGuid = {C93C005E-AEB0-43A3-BB1D-29D7E01F564E}
	EndGlobalSection
EndGlobal
